
Microsoft Visual Studio Solution File, Format Version 12.00
# Visual Studio Version 16
VisualStudioVersion = 16.0.30002.166
MinimumVisualStudioVersion = 10.0.40219.1
Project("{9A19103F-16F7-4668-BE54-9A1E7A4F7556}") = "BSDetector", "BSDetector.csproj", "{95F504C1-5127-4E52-A44F-17A857EF731F}"
EndProject
Global
	GlobalSection(SolutionConfigurationPlatforms) = preSolution
		Debug|Any CPU = Debug|Any CPU
		Release|Any CPU = Release|Any CPU
	EndGlobalSection
	GlobalSection(ProjectConfigurationPlatforms) = postSolution
		{95F504C1-5127-4E52-A44F-17A857EF731F}.Debug|Any CPU.ActiveCfg = Debug|Any CPU
		{95F504C1-5127-4E52-A44F-17A857EF731F}.Debug|Any CPU.Build.0 = Debug|Any CPU
		{95F504C1-5127-4E52-A44F-17A857EF731F}.Release|Any CPU.ActiveCfg = Release|Any CPU
		{95F504C1-5127-4E52-A44F-17A857EF731F}.Release|Any CPU.Build.0 = Release|Any CPU
	EndGlobalSection
	GlobalSection(SolutionProperties) = preSolution
		HideSolutionNode = FALSE
	EndGlobalSection
	GlobalSection(ExtensibilityGlobals) = postSolution
		SolutionGuid = {B0222284-BEFE-4D73-B413-E2ED41602A3D}
	EndGlobalSection
EndGlobal
